
Microsoft Visual Studio Solution File, Format Version 12.00
# Visual Studio Version 16
VisualStudioVersion = 16.0.33529.622
MinimumVisualStudioVersion = 10.0.40219.1
Project("{FAE04EC0-301F-11D3-BF4B-00C04F79EFBC}") = "SkillFactory_12_1_5", "SkillFactory_12_1_5.csproj", "{FBC69FD0-058C-45B6-9AA6-F67A01CE5712}"
EndProject
Global
	GlobalSection(SolutionConfigurationPlatforms) = preSolution
		Debug|Any CPU = Debug|Any CPU
		Release|Any CPU = Release|Any CPU
	EndGlobalSection
	GlobalSection(ProjectConfigurationPlatforms) = postSolution
		{FBC69FD0-058C-45B6-9AA6-F67A01CE5712}.Debug|Any CPU.ActiveCfg = Debug|Any CPU
		{FBC69FD0-058C-45B6-9AA6-F67A01CE5712}.Debug|Any CPU.Build.0 = Debug|Any CPU
		{FBC69FD0-058C-45B6-9AA6-F67A01CE5712}.Release|Any CPU.ActiveCfg = Release|Any CPU
		{FBC69FD0-058C-45B6-9AA6-F67A01CE5712}.Release|Any CPU.Build.0 = Release|Any CPU
	EndGlobalSection
	GlobalSection(SolutionProperties) = preSolution
		HideSolutionNode = FALSE
	EndGlobalSection
	GlobalSection(ExtensibilityGlobals) = postSolution
		SolutionGuid = {7FCE0491-FFB1-4351-981C-AB25A224A057}
	EndGlobalSection
EndGlobal
